
Microsoft Visual Studio Solution File, Format Version 12.00
# Visual Studio Version 16
VisualStudioVersion = 16.0.31702.278
MinimumVisualStudioVersion = 10.0.40219.1
Project("{FAE04EC0-301F-11D3-BF4B-00C04F79EFBC}") = "AdventOfCode2015p2", "AdventOfCode2015p2\AdventOfCode2015p2.csproj", "{D30C7008-1F37-43E5-B177-BDE0DD5866FE}"
EndProject
Global
	GlobalSection(SolutionConfigurationPlatforms) = preSolution
		Debug|Any CPU = Debug|Any CPU
		Release|Any CPU = Release|Any CPU
	EndGlobalSection
	GlobalSection(ProjectConfigurationPlatforms) = postSolution
		{D30C7008-1F37-43E5-B177-BDE0DD5866FE}.Debug|Any CPU.ActiveCfg = Debug|Any CPU
		{D30C7008-1F37-43E5-B177-BDE0DD5866FE}.Debug|Any CPU.Build.0 = Debug|Any CPU
		{D30C7008-1F37-43E5-B177-BDE0DD5866FE}.Release|Any CPU.ActiveCfg = Release|Any CPU
		{D30C7008-1F37-43E5-B177-BDE0DD5866FE}.Release|Any CPU.Build.0 = Release|Any CPU
	EndGlobalSection
	GlobalSection(SolutionProperties) = preSolution
		HideSolutionNode = FALSE
	EndGlobalSection
	GlobalSection(ExtensibilityGlobals) = postSolution
		SolutionGuid = {4BE6770A-E202-4168-BA48-43F96843DB0D}
	EndGlobalSection
EndGlobal
